// !$*UTF8*$!
{
	archiveVersion = 1;
	classes = {
	};
	objectVersion = 46;
	objects = {

/* Begin PBXBuildFile section */
		0965C5D0175C991500688BFC /* Foundation.framework in Frameworks */ = {isa = PBXBuildFile; fileRef = 0965C5CF175C991500688BFC /* Foundation.framework */; };
		0965C5D5175C991500688BFC /* HPNavController.h in CopyFiles */ = {isa = PBXBuildFile; fileRef = 0965C5D4175C991500688BFC /* HPNavController.h */; };
		0965C5D7175C991500688BFC /* HPNavController.m in Sources */ = {isa = PBXBuildFile; fileRef = 0965C5D6175C991500688BFC /* HPNavController.m */; };
		0965C5F2175C99E000688BFC /* HPCellMenuItem.m in Sources */ = {isa = PBXBuildFile; fileRef = 0965C5DE175C99E000688BFC /* HPCellMenuItem.m */; };
		0965C5F3175C99E000688BFC /* HPGradientView.m in Sources */ = {isa = PBXBuildFile; fileRef = 0965C5E0175C99E000688BFC /* HPGradientView.m */; };
		0965C5F4175C99E000688BFC /* HPNavItem.m in Sources */ = {isa = PBXBuildFile; fileRef = 0965C5E2175C99E000688BFC /* HPNavItem.m */; };
		0965C5F5175C99E000688BFC /* HPNavPushSegue.m in Sources */ = {isa = PBXBuildFile; fileRef = 0965C5E4175C99E000688BFC /* HPNavPushSegue.m */; };
		0965C5F6175C99E000688BFC /* HPSegmentedControl.m in Sources */ = {isa = PBXBuildFile; fileRef = 0965C5E6175C99E000688BFC /* HPSegmentedControl.m */; };
		0965C5F7175C99E000688BFC /* HPSeparatorSectionView.m in Sources */ = {isa = PBXBuildFile; fileRef = 0965C5E8175C99E000688BFC /* HPSeparatorSectionView.m */; };
		0965C5F8175C99E000688BFC /* HPStatusBar.m in Sources */ = {isa = PBXBuildFile; fileRef = 0965C5EA175C99E000688BFC /* HPStatusBar.m */; };
		0965C5F9175C99E000688BFC /* HPUIGradientButton.m in Sources */ = {isa = PBXBuildFile; fileRef = 0965C5EC175C99E000688BFC /* HPUIGradientButton.m */; };
		0965C5FA175C99E000688BFC /* UIView+Gesture.m in Sources */ = {isa = PBXBuildFile; fileRef = 0965C5EE175C99E000688BFC /* UIView+Gesture.m */; };
		0965C5FB175C99E000688BFC /* UIViewController+HPNavController.m in Sources */ = {isa = PBXBuildFile; fileRef = 0965C5F1175C99E000688BFC /* UIViewController+HPNavController.m */; };
/* End PBXBuildFile section */

/* Begin PBXCopyFilesBuildPhase section */
		0965C5CA175C991500688BFC /* CopyFiles */ = {
			isa = PBXCopyFilesBuildPhase;
			buildActionMask = 2147483647;
			dstPath = "include/${PRODUCT_NAME}";
			dstSubfolderSpec = 16;
			files = (
				0965C5D5175C991500688BFC /* HPNavController.h in CopyFiles */,
			);
			runOnlyForDeploymentPostprocessing = 0;
		};
/* End PBXCopyFilesBuildPhase section */

/* Begin PBXFileReference section */
		0932429B176A370500DE8CED /* HPDeviceVersion.h */ = {isa = PBXFileReference; fileEncoding = 4; lastKnownFileType = sourcecode.c.h; path = HPDeviceVersion.h; sourceTree = "<group>"; };
		0965C5CC175C991500688BFC /* libHPNavController.a */ = {isa = PBXFileReference; explicitFileType = archive.ar; includeInIndex = 0; path = libHPNavController.a; sourceTree = BUILT_PRODUCTS_DIR; };
		0965C5CF175C991500688BFC /* Foundation.framework */ = {isa = PBXFileReference; lastKnownFileType = wrapper.framework; name = Foundation.framework; path = System/Library/Frameworks/Foundation.framework; sourceTree = SDKROOT; };
		0965C5D3175C991500688BFC /* HPNavController-Prefix.pch */ = {isa = PBXFileReference; lastKnownFileType = sourcecode.c.h; path = "HPNavController-Prefix.pch"; sourceTree = "<group>"; };
		0965C5D4175C991500688BFC /* HPNavController.h */ = {isa = PBXFileReference; lastKnownFileType = sourcecode.c.h; path = HPNavController.h; sourceTree = "<group>"; };
		0965C5D6175C991500688BFC /* HPNavController.m */ = {isa = PBXFileReference; lastKnownFileType = sourcecode.c.objc; path = HPNavController.m; sourceTree = "<group>"; };
		0965C5DD175C99E000688BFC /* HPCellMenuItem.h */ = {isa = PBXFileReference; fileEncoding = 4; lastKnownFileType = sourcecode.c.h; path = HPCellMenuItem.h; sourceTree = "<group>"; };
		0965C5DE175C99E000688BFC /* HPCellMenuItem.m */ = {isa = PBXFileReference; fileEncoding = 4; lastKnownFileType = sourcecode.c.objc; path = HPCellMenuItem.m; sourceTree = "<group>"; };
		0965C5DF175C99E000688BFC /* HPGradientView.h */ = {isa = PBXFileReference; fileEncoding = 4; lastKnownFileType = sourcecode.c.h; path = HPGradientView.h; sourceTree = "<group>"; };
		0965C5E0175C99E000688BFC /* HPGradientView.m */ = {isa = PBXFileReference; fileEncoding = 4; lastKnownFileType = sourcecode.c.objc; path = HPGradientView.m; sourceTree = "<group>"; };
		0965C5E1175C99E000688BFC /* HPNavItem.h */ = {isa = PBXFileReference; fileEncoding = 4; lastKnownFileType = sourcecode.c.h; path = HPNavItem.h; sourceTree = "<group>"; };
		0965C5E2175C99E000688BFC /* HPNavItem.m */ = {isa = PBXFileReference; fileEncoding = 4; lastKnownFileType = sourcecode.c.objc; path = HPNavItem.m; sourceTree = "<group>"; };
		0965C5E3175C99E000688BFC /* HPNavPushSegue.h */ = {isa = PBXFileReference; fileEncoding = 4; lastKnownFileType = sourcecode.c.h; path = HPNavPushSegue.h; sourceTree = "<group>"; };
		0965C5E4175C99E000688BFC /* HPNavPushSegue.m */ = {isa = PBXFileReference; fileEncoding = 4; lastKnownFileType = sourcecode.c.objc; path = HPNavPushSegue.m; sourceTree = "<group>"; };
		0965C5E5175C99E000688BFC /* HPSegmentedControl.h */ = {isa = PBXFileReference; fileEncoding = 4; lastKnownFileType = sourcecode.c.h; path = HPSegmentedControl.h; sourceTree = "<group>"; };
		0965C5E6175C99E000688BFC /* HPSegmentedControl.m */ = {isa = PBXFileReference; fileEncoding = 4; lastKnownFileType = sourcecode.c.objc; path = HPSegmentedControl.m; sourceTree = "<group>"; };
		0965C5E7175C99E000688BFC /* HPSeparatorSectionView.h */ = {isa = PBXFileReference; fileEncoding = 4; lastKnownFileType = sourcecode.c.h; path = HPSeparatorSectionView.h; sourceTree = "<group>"; };
		0965C5E8175C99E000688BFC /* HPSeparatorSectionView.m */ = {isa = PBXFileReference; fileEncoding = 4; lastKnownFileType = sourcecode.c.objc; path = HPSeparatorSectionView.m; sourceTree = "<group>"; };
		0965C5E9175C99E000688BFC /* HPStatusBar.h */ = {isa = PBXFileReference; fileEncoding = 4; lastKnownFileType = sourcecode.c.h; path = HPStatusBar.h; sourceTree = "<group>"; };
		0965C5EA175C99E000688BFC /* HPStatusBar.m */ = {isa = PBXFileReference; fileEncoding = 4; lastKnownFileType = sourcecode.c.objc; path = HPStatusBar.m; sourceTree = "<group>"; };
		0965C5EB175C99E000688BFC /* HPUIGradientButton.h */ = {isa = PBXFileReference; fileEncoding = 4; lastKnownFileType = sourcecode.c.h; path = HPUIGradientButton.h; sourceTree = "<group>"; };
		0965C5EC175C99E000688BFC /* HPUIGradientButton.m */ = {isa = PBXFileReference; fileEncoding = 4; lastKnownFileType = sourcecode.c.objc; path = HPUIGradientButton.m; sourceTree = "<group>"; };
		0965C5ED175C99E000688BFC /* UIView+Gesture.h */ = {isa = PBXFileReference; fileEncoding = 4; lastKnownFileType = sourcecode.c.h; path = "UIView+Gesture.h"; sourceTree = "<group>"; };
		0965C5EE175C99E000688BFC /* UIView+Gesture.m */ = {isa = PBXFileReference; fileEncoding = 4; lastKnownFileType = sourcecode.c.objc; path = "UIView+Gesture.m"; sourceTree = "<group>"; };
		0965C5EF175C99E000688BFC /* UIViewController+HPNavController_protected.h */ = {isa = PBXFileReference; fileEncoding = 4; lastKnownFileType = sourcecode.c.h; path = "UIViewController+HPNavController_protected.h"; sourceTree = "<group>"; };
		0965C5F0175C99E000688BFC /* UIViewController+HPNavController.h */ = {isa = PBXFileReference; fileEncoding = 4; lastKnownFileType = sourcecode.c.h; path = "UIViewController+HPNavController.h"; sourceTree = "<group>"; };
		0965C5F1175C99E000688BFC /* UIViewController+HPNavController.m */ = {isa = PBXFileReference; fileEncoding = 4; lastKnownFileType = sourcecode.c.objc; path = "UIViewController+HPNavController.m"; sourceTree = "<group>"; };
		0965C5FC175C99F800688BFC /* HPNavController.podspec */ = {isa = PBXFileReference; fileEncoding = 4; lastKnownFileType = text; path = HPNavController.podspec; sourceTree = "<group>"; };
		0965C5FD175C99F800688BFC /* README.md */ = {isa = PBXFileReference; fileEncoding = 4; lastKnownFileType = text; path = README.md; sourceTree = "<group>"; };
/* End PBXFileReference section */

/* Begin PBXFrameworksBuildPhase section */
		0965C5C9175C991500688BFC /* Frameworks */ = {
			isa = PBXFrameworksBuildPhase;
			buildActionMask = 2147483647;
			files = (
				0965C5D0175C991500688BFC /* Foundation.framework in Frameworks */,
			);
			runOnlyForDeploymentPostprocessing = 0;
		};
/* End PBXFrameworksBuildPhase section */

/* Begin PBXGroup section */
		0965C5C3175C991500688BFC = {
			isa = PBXGroup;
			children = (
				0965C5FC175C99F800688BFC /* HPNavController.podspec */,
				0965C5FD175C99F800688BFC /* README.md */,
				0965C5D1175C991500688BFC /* HPNavController */,
				0965C5CE175C991500688BFC /* Frameworks */,
				0965C5CD175C991500688BFC /* Products */,
			);
			sourceTree = "<group>";
		};
		0965C5CD175C991500688BFC /* Products */ = {
			isa = PBXGroup;
			children = (
				0965C5CC175C991500688BFC /* libHPNavController.a */,
			);
			name = Products;
			sourceTree = "<group>";
		};
		0965C5CE175C991500688BFC /* Frameworks */ = {
			isa = PBXGroup;
			children = (
				0965C5CF175C991500688BFC /* Foundation.framework */,
			);
			name = Frameworks;
			sourceTree = "<group>";
		};
		0965C5D1175C991500688BFC /* HPNavController */ = {
			isa = PBXGroup;
			children = (
				0965C5D4175C991500688BFC /* HPNavController.h */,
				0965C5D6175C991500688BFC /* HPNavController.m */,
				0965C5DD175C99E000688BFC /* HPCellMenuItem.h */,
				0965C5DE175C99E000688BFC /* HPCellMenuItem.m */,
				0965C5DF175C99E000688BFC /* HPGradientView.h */,
				0965C5E0175C99E000688BFC /* HPGradientView.m */,
				0965C5E1175C99E000688BFC /* HPNavItem.h */,
				0965C5E2175C99E000688BFC /* HPNavItem.m */,
				0965C5E3175C99E000688BFC /* HPNavPushSegue.h */,
				0965C5E4175C99E000688BFC /* HPNavPushSegue.m */,
				0965C5E5175C99E000688BFC /* HPSegmentedControl.h */,
				0965C5E6175C99E000688BFC /* HPSegmentedControl.m */,
				0965C5E7175C99E000688BFC /* HPSeparatorSectionView.h */,
				0965C5E8175C99E000688BFC /* HPSeparatorSectionView.m */,
				0965C5E9175C99E000688BFC /* HPStatusBar.h */,
				0965C5EA175C99E000688BFC /* HPStatusBar.m */,
				0965C5EB175C99E000688BFC /* HPUIGradientButton.h */,
				0965C5EC175C99E000688BFC /* HPUIGradientButton.m */,
				0965C5ED175C99E000688BFC /* UIView+Gesture.h */,
				0965C5EE175C99E000688BFC /* UIView+Gesture.m */,
				0965C5EF175C99E000688BFC /* UIViewController+HPNavController_protected.h */,
				0965C5F0175C99E000688BFC /* UIViewController+HPNavController.h */,
				0965C5F1175C99E000688BFC /* UIViewController+HPNavController.m */,
				0932429B176A370500DE8CED /* HPDeviceVersion.h */,
				0965C5D2175C991500688BFC /* Supporting Files */,
			);
			path = HPNavController;
			sourceTree = "<group>";
		};
		0965C5D2175C991500688BFC /* Supporting Files */ = {
			isa = PBXGroup;
			children = (
				0965C5D3175C991500688BFC /* HPNavController-Prefix.pch */,
			);
			name = "Supporting Files";
			sourceTree = "<group>";
		};
/* End PBXGroup section */

/* Begin PBXNativeTarget section */
		0965C5CB175C991500688BFC /* HPNavController */ = {
			isa = PBXNativeTarget;
			buildConfigurationList = 0965C5DA175C991500688BFC /* Build configuration list for PBXNativeTarget "HPNavController" */;
			buildPhases = (
				0965C5C8175C991500688BFC /* Sources */,
				0965C5C9175C991500688BFC /* Frameworks */,
				0965C5CA175C991500688BFC /* CopyFiles */,
			);
			buildRules = (
			);
			dependencies = (
			);
			name = HPNavController;
			productName = HPNavController;
			productReference = 0965C5CC175C991500688BFC /* libHPNavController.a */;
			productType = "com.apple.product-type.library.static";
		};
/* End PBXNativeTarget section */

/* Begin PBXProject section */
		0965C5C4175C991500688BFC /* Project object */ = {
			isa = PBXProject;
			attributes = {
				LastUpgradeCheck = 0460;
				ORGANIZATIONNAME = "Hervé PEROTEAU";
			};
			buildConfigurationList = 0965C5C7175C991500688BFC /* Build configuration list for PBXProject "HPNavController" */;
			compatibilityVersion = "Xcode 3.2";
			developmentRegion = English;
			hasScannedForEncodings = 0;
			knownRegions = (
				en,
			);
			mainGroup = 0965C5C3175C991500688BFC;
			productRefGroup = 0965C5CD175C991500688BFC /* Products */;
			projectDirPath = "";
			projectRoot = "";
			targets = (
				0965C5CB175C991500688BFC /* HPNavController */,
			);
		};
/* End PBXProject section */

/* Begin PBXSourcesBuildPhase section */
		0965C5C8175C991500688BFC /* Sources */ = {
			isa = PBXSourcesBuildPhase;
			buildActionMask = 2147483647;
			files = (
				0965C5D7175C991500688BFC /* HPNavController.m in Sources */,
				0965C5F2175C99E000688BFC /* HPCellMenuItem.m in Sources */,
				0965C5F3175C99E000688BFC /* HPGradientView.m in Sources */,
				0965C5F4175C99E000688BFC /* HPNavItem.m in Sources */,
				0965C5F5175C99E000688BFC /* HPNavPushSegue.m in Sources */,
				0965C5F6175C99E000688BFC /* HPSegmentedControl.m in Sources */,
				0965C5F7175C99E000688BFC /* HPSeparatorSectionView.m in Sources */,
				0965C5F8175C99E000688BFC /* HPStatusBar.m in Sources */,
				0965C5F9175C99E000688BFC /* HPUIGradientButton.m in Sources */,
				0965C5FA175C99E000688BFC /* UIView+Gesture.m in Sources */,
				0965C5FB175C99E000688BFC /* UIViewController+HPNavController.m in Sources */,
			);
			runOnlyForDeploymentPostprocessing = 0;
		};
/* End PBXSourcesBuildPhase section */

/* Begin XCBuildConfiguration section */
		0965C5D8175C991500688BFC /* Debug */ = {
			isa = XCBuildConfiguration;
			buildSettings = {
				ALWAYS_SEARCH_USER_PATHS = NO;
				CLANG_CXX_LANGUAGE_STANDARD = "gnu++0x";
				CLANG_CXX_LIBRARY = "libc++";
				CLANG_ENABLE_OBJC_ARC = YES;
				CLANG_WARN_CONSTANT_CONVERSION = YES;
				CLANG_WARN_EMPTY_BODY = YES;
				CLANG_WARN_ENUM_CONVERSION = YES;
				CLANG_WARN_INT_CONVERSION = YES;
				CLANG_WARN__DUPLICATE_METHOD_MATCH = YES;
				COPY_PHASE_STRIP = NO;
				GCC_C_LANGUAGE_STANDARD = gnu99;
				GCC_DYNAMIC_NO_PIC = NO;
				GCC_OPTIMIZATION_LEVEL = 0;
				GCC_PREPROCESSOR_DEFINITIONS = (
					"DEBUG=1",
					"$(inherited)",
				);
				GCC_SYMBOLS_PRIVATE_EXTERN = NO;
				GCC_WARN_ABOUT_RETURN_TYPE = YES;
				GCC_WARN_UNINITIALIZED_AUTOS = YES;
				GCC_WARN_UNUSED_VARIABLE = YES;
				IPHONEOS_DEPLOYMENT_TARGET = 6.1;
				ONLY_ACTIVE_ARCH = YES;
				SDKROOT = iphoneos;
			};
			name = Debug;
		};
		0965C5D9175C991500688BFC /* Release */ = {
			isa = XCBuildConfiguration;
			buildSettings = {
				ALWAYS_SEARCH_USER_PATHS = NO;
				CLANG_CXX_LANGUAGE_STANDARD = "gnu++0x";
				CLANG_CXX_LIBRARY = "libc++";
				CLANG_ENABLE_OBJC_ARC = YES;
				CLANG_WARN_CONSTANT_CONVERSION = YES;
				CLANG_WARN_EMPTY_BODY = YES;
				CLANG_WARN_ENUM_CONVERSION = YES;
				CLANG_WARN_INT_CONVERSION = YES;
				CLANG_WARN__DUPLICATE_METHOD_MATCH = YES;
				COPY_PHASE_STRIP = YES;
				GCC_C_LANGUAGE_STANDARD = gnu99;
				GCC_WARN_ABOUT_RETURN_TYPE = YES;
				GCC_WARN_UNINITIALIZED_AUTOS = YES;
				GCC_WARN_UNUSED_VARIABLE = YES;
				IPHONEOS_DEPLOYMENT_TARGET = 6.1;
				SDKROOT = iphoneos;
				VALIDATE_PRODUCT = YES;
			};
			name = Release;
		};
		0965C5DB175C991500688BFC /* Debug */ = {
			isa = XCBuildConfiguration;
			buildSettings = {
				DSTROOT = /tmp/HPNavController.dst;
				GCC_PRECOMPILE_PREFIX_HEADER = YES;
				GCC_PREFIX_HEADER = "HPNavController/HPNavController-Prefix.pch";
				OTHER_LDFLAGS = "-ObjC";
				PRODUCT_NAME = "$(TARGET_NAME)";
				SKIP_INSTALL = YES;
			};
			name = Debug;
		};
		0965C5DC175C991500688BFC /* Release */ = {
			isa = XCBuildConfiguration;
			buildSettings = {
				DSTROOT = /tmp/HPNavController.dst;
				GCC_PRECOMPILE_PREFIX_HEADER = YES;
				GCC_PREFIX_HEADER = "HPNavController/HPNavController-Prefix.pch";
				OTHER_LDFLAGS = "-ObjC";
				PRODUCT_NAME = "$(TARGET_NAME)";
				SKIP_INSTALL = YES;
			};
			name = Release;
		};
/* End XCBuildConfiguration section */

/* Begin XCConfigurationList section */
		0965C5C7175C991500688BFC /* Build configuration list for PBXProject "HPNavController" */ = {
			isa = XCConfigurationList;
			buildConfigurations = (
				0965C5D8175C991500688BFC /* Debug */,
				0965C5D9175C991500688BFC /* Release */,
			);
			defaultConfigurationIsVisible = 0;
			defaultConfigurationName = Release;
		};
		0965C5DA175C991500688BFC /* Build configuration list for PBXNativeTarget "HPNavController" */ = {
			isa = XCConfigurationList;
			buildConfigurations = (
				0965C5DB175C991500688BFC /* Debug */,
				0965C5DC175C991500688BFC /* Release */,
			);
			defaultConfigurationIsVisible = 0;
			defaultConfigurationName = Release;
		};
/* End XCConfigurationList section */
	};
	rootObject = 0965C5C4175C991500688BFC /* Project object */;
}
